
Microsoft Visual Studio Solution File, Format Version 12.00
# Visual Studio Version 16
VisualStudioVersion = 16.0.31205.134
MinimumVisualStudioVersion = 10.0.40219.1
Project("{FAE04EC0-301F-11D3-BF4B-00C04F79EFBC}") = "AplicatieSpital", "AplicatieSpital.csproj", "{99D3C395-9F89-4F8D-BC52-0D0469805559}"
EndProject
Global
	GlobalSection(SolutionConfigurationPlatforms) = preSolution
		Debug|Any CPU = Debug|Any CPU
		Release|Any CPU = Release|Any CPU
	EndGlobalSection
	GlobalSection(ProjectConfigurationPlatforms) = postSolution
		{99D3C395-9F89-4F8D-BC52-0D0469805559}.Debug|Any CPU.ActiveCfg = Debug|Any CPU
		{99D3C395-9F89-4F8D-BC52-0D0469805559}.Debug|Any CPU.Build.0 = Debug|Any CPU
		{99D3C395-9F89-4F8D-BC52-0D0469805559}.Release|Any CPU.ActiveCfg = Release|Any CPU
		{99D3C395-9F89-4F8D-BC52-0D0469805559}.Release|Any CPU.Build.0 = Release|Any CPU
	EndGlobalSection
	GlobalSection(SolutionProperties) = preSolution
		HideSolutionNode = FALSE
	EndGlobalSection
	GlobalSection(ExtensibilityGlobals) = postSolution
		SolutionGuid = {9265BD2A-690B-4AD3-8B34-4D49DC58F9A2}
	EndGlobalSection
EndGlobal
